
Microsoft Visual Studio Solution File, Format Version 12.00
# Visual Studio Version 17
VisualStudioVersion = 17.3.32929.385
MinimumVisualStudioVersion = 10.0.40219.1
Project("{9A19103F-16F7-4668-BE54-9A1E7A4F7556}") = "InnoClinic.ProfilesAPI", "InnoClinic.ProfilesAPI\InnoClinic.ProfilesAPI.csproj", "{EA34C7FE-D575-41F6-B508-412516661236}"
EndProject
Project("{2150E333-8FDC-42A3-9474-1A3956D46DE8}") = "Core", "Core", "{C301B680-8D03-47E1-B903-B336FAD45A01}"
EndProject
Project("{2150E333-8FDC-42A3-9474-1A3956D46DE8}") = "Infrastructure", "Infrastructure", "{E94A1712-F9E0-403D-BFA7-31539BD05CF9}"
EndProject
Project("{9A19103F-16F7-4668-BE54-9A1E7A4F7556}") = "Persistence", "Infrastructure\Persistence\Persistence.csproj", "{9C1974F1-A005-4B80-B3B9-326D3791C3C8}"
EndProject
Project("{9A19103F-16F7-4668-BE54-9A1E7A4F7556}") = "Contracts", "Core\Contracts\Contracts.csproj", "{0C39A01F-A503-40E6-B805-71EE8DA12ACD}"
EndProject
Project("{9A19103F-16F7-4668-BE54-9A1E7A4F7556}") = "Domain", "Core\Domain\Domain.csproj", "{32FB7FCC-E759-4D3C-AB1C-88CAA9E72800}"
EndProject
Project("{9A19103F-16F7-4668-BE54-9A1E7A4F7556}") = "Services", "Core\Services\Services.csproj", "{BFF97676-F364-47DA-B032-6ACFD1B18F2B}"
EndProject
Project("{9A19103F-16F7-4668-BE54-9A1E7A4F7556}") = "Services.Abstractions", "Core\Services.Abstractions\Services.Abstractions.csproj", "{FBA83F2F-D050-4434-8E75-D0EB2EC22410}"
EndProject
Project("{9A19103F-16F7-4668-BE54-9A1E7A4F7556}") = "MessageBus", "Infrastructure\MessageBus\MessageBus.csproj", "{2724338C-7D55-4C03-8B66-E4747AD391A3}"
EndProject
Project("{9A19103F-16F7-4668-BE54-9A1E7A4F7556}") = "Shared", "Infrastructure\Shared\Shared.csproj", "{1A1D4023-FE65-4F72-BACA-1E7436A59F65}"
EndProject
Project("{9A19103F-16F7-4668-BE54-9A1E7A4F7556}") = "Tests", "Tests\Tests.csproj", "{5EFD9960-9A1D-4F33-B7A1-01C8D6DEEA8E}"
EndProject
Global
	GlobalSection(SolutionConfigurationPlatforms) = preSolution
		Debug|Any CPU = Debug|Any CPU
		Release|Any CPU = Release|Any CPU
	EndGlobalSection
	GlobalSection(ProjectConfigurationPlatforms) = postSolution
		{EA34C7FE-D575-41F6-B508-412516661236}.Debug|Any CPU.ActiveCfg = Debug|Any CPU
		{EA34C7FE-D575-41F6-B508-412516661236}.Debug|Any CPU.Build.0 = Debug|Any CPU
		{EA34C7FE-D575-41F6-B508-412516661236}.Release|Any CPU.ActiveCfg = Release|Any CPU
		{EA34C7FE-D575-41F6-B508-412516661236}.Release|Any CPU.Build.0 = Release|Any CPU
		{9C1974F1-A005-4B80-B3B9-326D3791C3C8}.Debug|Any CPU.ActiveCfg = Debug|Any CPU
		{9C1974F1-A005-4B80-B3B9-326D3791C3C8}.Debug|Any CPU.Build.0 = Debug|Any CPU
		{9C1974F1-A005-4B80-B3B9-326D3791C3C8}.Release|Any CPU.ActiveCfg = Release|Any CPU
		{9C1974F1-A005-4B80-B3B9-326D3791C3C8}.Release|Any CPU.Build.0 = Release|Any CPU
		{0C39A01F-A503-40E6-B805-71EE8DA12ACD}.Debug|Any CPU.ActiveCfg = Debug|Any CPU
		{0C39A01F-A503-40E6-B805-71EE8DA12ACD}.Debug|Any CPU.Build.0 = Debug|Any CPU
		{0C39A01F-A503-40E6-B805-71EE8DA12ACD}.Release|Any CPU.ActiveCfg = Release|Any CPU
		{0C39A01F-A503-40E6-B805-71EE8DA12ACD}.Release|Any CPU.Build.0 = Release|Any CPU
		{32FB7FCC-E759-4D3C-AB1C-88CAA9E72800}.Debug|Any CPU.ActiveCfg = Debug|Any CPU
		{32FB7FCC-E759-4D3C-AB1C-88CAA9E72800}.Debug|Any CPU.Build.0 = Debug|Any CPU
		{32FB7FCC-E759-4D3C-AB1C-88CAA9E72800}.Release|Any CPU.ActiveCfg = Release|Any CPU
		{32FB7FCC-E759-4D3C-AB1C-88CAA9E72800}.Release|Any CPU.Build.0 = Release|Any CPU
		{BFF97676-F364-47DA-B032-6ACFD1B18F2B}.Debug|Any CPU.ActiveCfg = Debug|Any CPU
		{BFF97676-F364-47DA-B032-6ACFD1B18F2B}.Debug|Any CPU.Build.0 = Debug|Any CPU
		{BFF97676-F364-47DA-B032-6ACFD1B18F2B}.Release|Any CPU.ActiveCfg = Release|Any CPU
		{BFF97676-F364-47DA-B032-6ACFD1B18F2B}.Release|Any CPU.Build.0 = Release|Any CPU
		{FBA83F2F-D050-4434-8E75-D0EB2EC22410}.Debug|Any CPU.ActiveCfg = Debug|Any CPU
		{FBA83F2F-D050-4434-8E75-D0EB2EC22410}.Debug|Any CPU.Build.0 = Debug|Any CPU
		{FBA83F2F-D050-4434-8E75-D0EB2EC22410}.Release|Any CPU.ActiveCfg = Release|Any CPU
		{FBA83F2F-D050-4434-8E75-D0EB2EC22410}.Release|Any CPU.Build.0 = Release|Any CPU
		{2724338C-7D55-4C03-8B66-E4747AD391A3}.Debug|Any CPU.ActiveCfg = Debug|Any CPU
		{2724338C-7D55-4C03-8B66-E4747AD391A3}.Debug|Any CPU.Build.0 = Debug|Any CPU
		{2724338C-7D55-4C03-8B66-E4747AD391A3}.Release|Any CPU.ActiveCfg = Release|Any CPU
		{2724338C-7D55-4C03-8B66-E4747AD391A3}.Release|Any CPU.Build.0 = Release|Any CPU
		{1A1D4023-FE65-4F72-BACA-1E7436A59F65}.Debug|Any CPU.ActiveCfg = Debug|Any CPU
		{1A1D4023-FE65-4F72-BACA-1E7436A59F65}.Debug|Any CPU.Build.0 = Debug|Any CPU
		{1A1D4023-FE65-4F72-BACA-1E7436A59F65}.Release|Any CPU.ActiveCfg = Release|Any CPU
		{1A1D4023-FE65-4F72-BACA-1E7436A59F65}.Release|Any CPU.Build.0 = Release|Any CPU
		{5EFD9960-9A1D-4F33-B7A1-01C8D6DEEA8E}.Debug|Any CPU.ActiveCfg = Debug|Any CPU
		{5EFD9960-9A1D-4F33-B7A1-01C8D6DEEA8E}.Debug|Any CPU.Build.0 = Debug|Any CPU
		{5EFD9960-9A1D-4F33-B7A1-01C8D6DEEA8E}.Release|Any CPU.ActiveCfg = Release|Any CPU
		{5EFD9960-9A1D-4F33-B7A1-01C8D6DEEA8E}.Release|Any CPU.Build.0 = Release|Any CPU
	EndGlobalSection
	GlobalSection(SolutionProperties) = preSolution
		HideSolutionNode = FALSE
	EndGlobalSection
	GlobalSection(NestedProjects) = preSolution
		{9C1974F1-A005-4B80-B3B9-326D3791C3C8} = {E94A1712-F9E0-403D-BFA7-31539BD05CF9}
		{0C39A01F-A503-40E6-B805-71EE8DA12ACD} = {C301B680-8D03-47E1-B903-B336FAD45A01}
		{32FB7FCC-E759-4D3C-AB1C-88CAA9E72800} = {C301B680-8D03-47E1-B903-B336FAD45A01}
		{BFF97676-F364-47DA-B032-6ACFD1B18F2B} = {C301B680-8D03-47E1-B903-B336FAD45A01}
		{FBA83F2F-D050-4434-8E75-D0EB2EC22410} = {C301B680-8D03-47E1-B903-B336FAD45A01}
		{2724338C-7D55-4C03-8B66-E4747AD391A3} = {E94A1712-F9E0-403D-BFA7-31539BD05CF9}
		{1A1D4023-FE65-4F72-BACA-1E7436A59F65} = {E94A1712-F9E0-403D-BFA7-31539BD05CF9}
	EndGlobalSection
	GlobalSection(ExtensibilityGlobals) = postSolution
		SolutionGuid = {1257ADFE-9DDA-491E-80C1-2F197F217AD9}
	EndGlobalSection
EndGlobal
